{
  "nodes": {
    "flake-utils": {
      "inputs": {
        "systems": "systems"
      },
      "locked": {
        "lastModified": 1731533236,
        "narHash": "sha256-l0KFg5HjrsfsO/JpG+r7fRrqm12kzFHyUHqHCVpMMbI=",
        "owner": "numtide",
        "repo": "flake-utils",
        "rev": "11707dc2f618dd54ca8739b309ec4fc024de578b",
        "type": "github"
      },
      "original": {
        "owner": "numtide",
        "repo": "flake-utils",
        "type": "github"
      }
    },
    "kdsingleapplication": {
      "flake": false,
      "locked": {
        "lastModified": 1748250608,
        "narHash": "sha256-rglt89Gw6OHXXVOEwf0TxezDzyHEvWepeGeup7fBlLs=",
        "owner": "KDAB",
        "repo": "kdsingleapplication",
        "rev": "3186a158f8e6565e89f5983b4028c892737844ff",
        "type": "github"
      },
      "original": {
        "owner": "KDAB",
        "repo": "kdsingleapplication",
        "rev": "3186a158f8e6565e89f5983b4028c892737844ff",
        "type": "github"
      }
    },
    "libcotp": {
      "flake": false,
      "locked": {
        "lastModified": 1758713478,
        "narHash": "sha256-5Jjk8uby1QjvU7TraTTTp+29Yh5lzbCvlorfPbGvciM=",
        "owner": "paolostivanin",
        "repo": "libcotp",
        "rev": "7725397cbd9c268fd913dfa91f78f90673bf85b2",
        "type": "github"
      },
      "original": {
        "owner": "paolostivanin",
        "repo": "libcotp",
        "rev": "7725397cbd9c268fd913dfa91f78f90673bf85b2",
        "type": "github"
      }
    },
    "libphysis": {
      "flake": false,
      "locked": {
        "lastModified": 1767043537,
        "narHash": "sha256-1Jtq6dRzrh4UJNPiI7sFvZDrskQB+zSKF8rQ4wE030s=",
        "owner": "redstrate",
        "repo": "libphysis",
        "rev": "ffe4ed11c5ba132a12fd9b660eb48268e7894419",
        "type": "github"
      },
      "original": {
        "owner": "redstrate",
        "repo": "libphysis",
        "rev": "ffe4ed11c5ba132a12fd9b660eb48268e7894419",
        "type": "github"
      }
    },
    "nixpkgs": {
      "locked": {
        "lastModified": 1767256302,
        "narHash": "sha256-mMY2Tq2BWL1YTPc+puF4e7XBOQm8uyx20n/qvhV0I84=",
        "owner": "NixOS",
        "repo": "nixpkgs",
        "rev": "f8a04e05dcaac5be36f2cb6c70a55d4538146741",
        "type": "github"
      },
      "original": {
        "owner": "NixOS",
        "repo": "nixpkgs",
        "rev": "f8a04e05dcaac5be36f2cb6c70a55d4538146741",
        "type": "github"
      }
    },
    "root": {
      "inputs": {
        "flake-utils": "flake-utils",
        "kdsingleapplication": "kdsingleapplication",
        "libcotp": "libcotp",
        "libphysis": "libphysis",
        "nixpkgs": "nixpkgs"
      }
    },
    "systems": {
      "locked": {
        "lastModified": 1681028828,
        "narHash": "sha256-Vy1rq5AaRuLzOxct8nz4T6wlgyUR7zLU309k9mBC768=",
        "owner": "nix-systems",
        "repo": "default",
        "rev": "da67096a3b9bf56a91d16901293e51ba5b49a27e",
        "type": "github"
      },
      "original": {
        "owner": "nix-systems",
        "repo": "default",
        "type": "github"
      }
    }
  },
  "root": "root",
  "version": 7
}
